
Microsoft Visual Studio Solution File, Format Version 12.00
# Visual Studio Version 16
VisualStudioVersion = 16.0.29709.97
MinimumVisualStudioVersion = 10.0.40219.1
Project("{FAE04EC0-301F-11D3-BF4B-00C04F79EFBC}") = "WindowsUIautomation", "WindowsUIautomation.csproj", "{2E3B6D80-F14F-4ABB-9EC7-C4EBEBD34234}"
EndProject
Global
	GlobalSection(SolutionConfigurationPlatforms) = preSolution
		Debug|Any CPU = Debug|Any CPU
		Release|Any CPU = Release|Any CPU
	EndGlobalSection
	GlobalSection(ProjectConfigurationPlatforms) = postSolution
		{2E3B6D80-F14F-4ABB-9EC7-C4EBEBD34234}.Debug|Any CPU.ActiveCfg = Debug|Any CPU
		{2E3B6D80-F14F-4ABB-9EC7-C4EBEBD34234}.Debug|Any CPU.Build.0 = Debug|Any CPU
		{2E3B6D80-F14F-4ABB-9EC7-C4EBEBD34234}.Release|Any CPU.ActiveCfg = Release|Any CPU
		{2E3B6D80-F14F-4ABB-9EC7-C4EBEBD34234}.Release|Any CPU.Build.0 = Release|Any CPU
	EndGlobalSection
	GlobalSection(SolutionProperties) = preSolution
		HideSolutionNode = FALSE
	EndGlobalSection
	GlobalSection(ExtensibilityGlobals) = postSolution
		SolutionGuid = {E886630C-E356-45A3-91FE-05A7A206D257}
	EndGlobalSection
EndGlobal
